// !$*UTF8*$!
{
	archiveVersion = 1;
	classes = {
	};
	objectVersion = 48;
	objects = {

/* Begin PBXBuildFile section */
		DFD213A21FA7AD8500FF30CB /* AppDelegate.swift in Sources */ = {isa = PBXBuildFile; fileRef = DFD213A11FA7AD8500FF30CB /* AppDelegate.swift */; };
		DFD213A41FA7AD8500FF30CB /* ViewController.swift in Sources */ = {isa = PBXBuildFile; fileRef = DFD213A31FA7AD8500FF30CB /* ViewController.swift */; };
		DFD213A61FA7AD8500FF30CB /* Assets.xcassets in Resources */ = {isa = PBXBuildFile; fileRef = DFD213A51FA7AD8500FF30CB /* Assets.xcassets */; };
		DFD213A91FA7AD8500FF30CB /* Main.storyboard in Resources */ = {isa = PBXBuildFile; fileRef = DFD213A71FA7AD8500FF30CB /* Main.storyboard */; };
		DFD213B21FA7B31700FF30CB /* SimpleLFSR.swift in Sources */ = {isa = PBXBuildFile; fileRef = DFD213B11FA7B31700FF30CB /* SimpleLFSR.swift */; };
		DFD213B61FA7BC2200FF30CB /* WorkingWithFiles.c in Sources */ = {isa = PBXBuildFile; fileRef = DFD213B51FA7BC2200FF30CB /* WorkingWithFiles.c */; };
		DFD213B91FA89B0700FF30CB /* GenerateLFSRKey.c in Sources */ = {isa = PBXBuildFile; fileRef = DFD213B81FA89B0700FF30CB /* GenerateLFSRKey.c */; };
		DFD213BB1FA89BF900FF30CB /* Encipher.c in Sources */ = {isa = PBXBuildFile; fileRef = DFD213BA1FA89BF900FF30CB /* Encipher.c */; };
/* End PBXBuildFile section */

/* Begin PBXFileReference section */
		DFD2139E1FA7AD8500FF30CB /* LFSR-Cryptosystem.app */ = {isa = PBXFileReference; explicitFileType = wrapper.application; includeInIndex = 0; path = "LFSR-Cryptosystem.app"; sourceTree = BUILT_PRODUCTS_DIR; };
		DFD213A11FA7AD8500FF30CB /* AppDelegate.swift */ = {isa = PBXFileReference; lastKnownFileType = sourcecode.swift; path = AppDelegate.swift; sourceTree = "<group>"; };
		DFD213A31FA7AD8500FF30CB /* ViewController.swift */ = {isa = PBXFileReference; lastKnownFileType = sourcecode.swift; path = ViewController.swift; sourceTree = "<group>"; };
		DFD213A51FA7AD8500FF30CB /* Assets.xcassets */ = {isa = PBXFileReference; lastKnownFileType = folder.assetcatalog; path = Assets.xcassets; sourceTree = "<group>"; };
		DFD213A81FA7AD8500FF30CB /* Base */ = {isa = PBXFileReference; lastKnownFileType = file.storyboard; name = Base; path = Base.lproj/Main.storyboard; sourceTree = "<group>"; };
		DFD213AA1FA7AD8500FF30CB /* Info.plist */ = {isa = PBXFileReference; lastKnownFileType = text.plist.xml; path = Info.plist; sourceTree = "<group>"; };
		DFD213AB1FA7AD8500FF30CB /* LFSR_Cryptosystem.entitlements */ = {isa = PBXFileReference; lastKnownFileType = text.plist.entitlements; path = LFSR_Cryptosystem.entitlements; sourceTree = "<group>"; };
		DFD213B11FA7B31700FF30CB /* SimpleLFSR.swift */ = {isa = PBXFileReference; lastKnownFileType = sourcecode.swift; path = SimpleLFSR.swift; sourceTree = "<group>"; };
		DFD213B41FA7BC2200FF30CB /* LFSR-Cryptosystem-Bridging-Header.h */ = {isa = PBXFileReference; lastKnownFileType = sourcecode.c.h; path = "LFSR-Cryptosystem-Bridging-Header.h"; sourceTree = "<group>"; };
		DFD213B51FA7BC2200FF30CB /* WorkingWithFiles.c */ = {isa = PBXFileReference; lastKnownFileType = sourcecode.c.c; path = WorkingWithFiles.c; sourceTree = "<group>"; };
		DFD213B81FA89B0700FF30CB /* GenerateLFSRKey.c */ = {isa = PBXFileReference; lastKnownFileType = sourcecode.c.c; path = GenerateLFSRKey.c; sourceTree = "<group>"; };
		DFD213BA1FA89BF900FF30CB /* Encipher.c */ = {isa = PBXFileReference; lastKnownFileType = sourcecode.c.c; path = Encipher.c; sourceTree = "<group>"; };
/* End PBXFileReference section */

/* Begin PBXFrameworksBuildPhase section */
		DFD2139B1FA7AD8500FF30CB /* Frameworks */ = {
			isa = PBXFrameworksBuildPhase;
			buildActionMask = 2147483647;
			files = (
			);
			runOnlyForDeploymentPostprocessing = 0;
		};
/* End PBXFrameworksBuildPhase section */

/* Begin PBXGroup section */
		DFD213951FA7AD8500FF30CB = {
			isa = PBXGroup;
			children = (
				DFD213A01FA7AD8500FF30CB /* LFSR-Cryptosystem */,
				DFD2139F1FA7AD8500FF30CB /* Products */,
			);
			sourceTree = "<group>";
		};
		DFD2139F1FA7AD8500FF30CB /* Products */ = {
			isa = PBXGroup;
			children = (
				DFD2139E1FA7AD8500FF30CB /* LFSR-Cryptosystem.app */,
			);
			name = Products;
			sourceTree = "<group>";
		};
		DFD213A01FA7AD8500FF30CB /* LFSR-Cryptosystem */ = {
			isa = PBXGroup;
			children = (
				DFD213A11FA7AD8500FF30CB /* AppDelegate.swift */,
				DFD213A31FA7AD8500FF30CB /* ViewController.swift */,
				DFD213A51FA7AD8500FF30CB /* Assets.xcassets */,
				DFD213A71FA7AD8500FF30CB /* Main.storyboard */,
				DFD213AA1FA7AD8500FF30CB /* Info.plist */,
				DFD213AB1FA7AD8500FF30CB /* LFSR_Cryptosystem.entitlements */,
				DFD213B31FA7B36E00FF30CB /* View Controllers */,
				DFD213B71FA7BC3B00FF30CB /* C functions */,
				DFD213B41FA7BC2200FF30CB /* LFSR-Cryptosystem-Bridging-Header.h */,
			);
			path = "LFSR-Cryptosystem";
			sourceTree = "<group>";
		};
		DFD213B31FA7B36E00FF30CB /* View Controllers */ = {
			isa = PBXGroup;
			children = (
				DFD213B11FA7B31700FF30CB /* SimpleLFSR.swift */,
			);
			name = "View Controllers";
			sourceTree = "<group>";
		};
		DFD213B71FA7BC3B00FF30CB /* C functions */ = {
			isa = PBXGroup;
			children = (
				DFD213B51FA7BC2200FF30CB /* WorkingWithFiles.c */,
				DFD213B81FA89B0700FF30CB /* GenerateLFSRKey.c */,
				DFD213BA1FA89BF900FF30CB /* Encipher.c */,
			);
			name = "C functions";
			sourceTree = "<group>";
		};
/* End PBXGroup section */

/* Begin PBXNativeTarget section */
		DFD2139D1FA7AD8500FF30CB /* LFSR-Cryptosystem */ = {
			isa = PBXNativeTarget;
			buildConfigurationList = DFD213AE1FA7AD8500FF30CB /* Build configuration list for PBXNativeTarget "LFSR-Cryptosystem" */;
			buildPhases = (
				DFD2139A1FA7AD8500FF30CB /* Sources */,
				DFD2139B1FA7AD8500FF30CB /* Frameworks */,
				DFD2139C1FA7AD8500FF30CB /* Resources */,
			);
			buildRules = (
			);
			dependencies = (
			);
			name = "LFSR-Cryptosystem";
			productName = "LFSR-Cryptosystem";
			productReference = DFD2139E1FA7AD8500FF30CB /* LFSR-Cryptosystem.app */;
			productType = "com.apple.product-type.application";
		};
/* End PBXNativeTarget section */

/* Begin PBXProject section */
		DFD213961FA7AD8500FF30CB /* Project object */ = {
			isa = PBXProject;
			attributes = {
				LastSwiftUpdateCheck = 0910;
				LastUpgradeCheck = 0910;
				ORGANIZATIONNAME = "Alex Azarov";
				TargetAttributes = {
					DFD2139D1FA7AD8500FF30CB = {
						CreatedOnToolsVersion = 9.1;
						LastSwiftMigration = 0910;
						ProvisioningStyle = Automatic;
						SystemCapabilities = {
							com.apple.Sandbox = {
								enabled = 0;
							};
						};
					};
				};
			};
			buildConfigurationList = DFD213991FA7AD8500FF30CB /* Build configuration list for PBXProject "LFSR-Cryptosystem" */;
			compatibilityVersion = "Xcode 8.0";
			developmentRegion = en;
			hasScannedForEncodings = 0;
			knownRegions = (
				en,
				Base,
			);
			mainGroup = DFD213951FA7AD8500FF30CB;
			productRefGroup = DFD2139F1FA7AD8500FF30CB /* Products */;
			projectDirPath = "";
			projectRoot = "";
			targets = (
				DFD2139D1FA7AD8500FF30CB /* LFSR-Cryptosystem */,
			);
		};
/* End PBXProject section */

/* Begin PBXResourcesBuildPhase section */
		DFD2139C1FA7AD8500FF30CB /* Resources */ = {
			isa = PBXResourcesBuildPhase;
			buildActionMask = 2147483647;
			files = (
				DFD213A61FA7AD8500FF30CB /* Assets.xcassets in Resources */,
				DFD213A91FA7AD8500FF30CB /* Main.storyboard in Resources */,
			);
			runOnlyForDeploymentPostprocessing = 0;
		};
/* End PBXResourcesBuildPhase section */

/* Begin PBXSourcesBuildPhase section */
		DFD2139A1FA7AD8500FF30CB /* Sources */ = {
			isa = PBXSourcesBuildPhase;
			buildActionMask = 2147483647;
			files = (
				DFD213B21FA7B31700FF30CB /* SimpleLFSR.swift in Sources */,
				DFD213A41FA7AD8500FF30CB /* ViewController.swift in Sources */,
				DFD213A21FA7AD8500FF30CB /* AppDelegate.swift in Sources */,
				DFD213B91FA89B0700FF30CB /* GenerateLFSRKey.c in Sources */,
				DFD213B61FA7BC2200FF30CB /* WorkingWithFiles.c in Sources */,
				DFD213BB1FA89BF900FF30CB /* Encipher.c in Sources */,
			);
			runOnlyForDeploymentPostprocessing = 0;
		};
/* End PBXSourcesBuildPhase section */

/* Begin PBXVariantGroup section */
		DFD213A71FA7AD8500FF30CB /* Main.storyboard */ = {
			isa = PBXVariantGroup;
			children = (
				DFD213A81FA7AD8500FF30CB /* Base */,
			);
			name = Main.storyboard;
			sourceTree = "<group>";
		};
/* End PBXVariantGroup section */

/* Begin XCBuildConfiguration section */
		DFD213AC1FA7AD8500FF30CB /* Debug */ = {
			isa = XCBuildConfiguration;
			buildSettings = {
				ALWAYS_SEARCH_USER_PATHS = NO;
				CLANG_ANALYZER_NONNULL = YES;
				CLANG_ANALYZER_NUMBER_OBJECT_CONVERSION = YES_AGGRESSIVE;
				CLANG_CXX_LANGUAGE_STANDARD = "gnu++14";
				CLANG_CXX_LIBRARY = "libc++";
				CLANG_ENABLE_MODULES = YES;
				CLANG_ENABLE_OBJC_ARC = YES;
				CLANG_WARN_BLOCK_CAPTURE_AUTORELEASING = YES;
				CLANG_WARN_BOOL_CONVERSION = YES;
				CLANG_WARN_COMMA = YES;
				CLANG_WARN_CONSTANT_CONVERSION = YES;
				CLANG_WARN_DIRECT_OBJC_ISA_USAGE = YES_ERROR;
				CLANG_WARN_DOCUMENTATION_COMMENTS = YES;
				CLANG_WARN_EMPTY_BODY = YES;
				CLANG_WARN_ENUM_CONVERSION = YES;
				CLANG_WARN_INFINITE_RECURSION = YES;
				CLANG_WARN_INT_CONVERSION = YES;
				CLANG_WARN_NON_LITERAL_NULL_CONVERSION = YES;
				CLANG_WARN_OBJC_LITERAL_CONVERSION = YES;
				CLANG_WARN_OBJC_ROOT_CLASS = YES_ERROR;
				CLANG_WARN_RANGE_LOOP_ANALYSIS = YES;
				CLANG_WARN_STRICT_PROTOTYPES = YES;
				CLANG_WARN_SUSPICIOUS_MOVE = YES;
				CLANG_WARN_UNGUARDED_AVAILABILITY = YES_AGGRESSIVE;
				CLANG_WARN_UNREACHABLE_CODE = YES;
				CLANG_WARN__DUPLICATE_METHOD_MATCH = YES;
				CODE_SIGN_IDENTITY = "Mac Developer";
				COPY_PHASE_STRIP = NO;
				DEBUG_INFORMATION_FORMAT = dwarf;
				ENABLE_STRICT_OBJC_MSGSEND = YES;
				ENABLE_TESTABILITY = YES;
				GCC_C_LANGUAGE_STANDARD = gnu11;
				GCC_DYNAMIC_NO_PIC = NO;
				GCC_NO_COMMON_BLOCKS = YES;
				GCC_OPTIMIZATION_LEVEL = 0;
				GCC_PREPROCESSOR_DEFINITIONS = (
					"DEBUG=1",
					"$(inherited)",
				);
				GCC_WARN_64_TO_32_BIT_CONVERSION = YES;
				GCC_WARN_ABOUT_RETURN_TYPE = YES_ERROR;
				GCC_WARN_UNDECLARED_SELECTOR = YES;
				GCC_WARN_UNINITIALIZED_AUTOS = YES_AGGRESSIVE;
				GCC_WARN_UNUSED_FUNCTION = YES;
				GCC_WARN_UNUSED_VARIABLE = YES;
				MACOSX_DEPLOYMENT_TARGET = 10.13;
				MTL_ENABLE_DEBUG_INFO = YES;
				ONLY_ACTIVE_ARCH = YES;
				SDKROOT = macosx;
				SWIFT_ACTIVE_COMPILATION_CONDITIONS = DEBUG;
				SWIFT_OPTIMIZATION_LEVEL = "-Onone";
			};
			name = Debug;
		};
		DFD213AD1FA7AD8500FF30CB /* Release */ = {
			isa = XCBuildConfiguration;
			buildSettings = {
				ALWAYS_SEARCH_USER_PATHS = NO;
				CLANG_ANALYZER_NONNULL = YES;
				CLANG_ANALYZER_NUMBER_OBJECT_CONVERSION = YES_AGGRESSIVE;
				CLANG_CXX_LANGUAGE_STANDARD = "gnu++14";
				CLANG_CXX_LIBRARY = "libc++";
				CLANG_ENABLE_MODULES = YES;
				CLANG_ENABLE_OBJC_ARC = YES;
				CLANG_WARN_BLOCK_CAPTURE_AUTORELEASING = YES;
				CLANG_WARN_BOOL_CONVERSION = YES;
				CLANG_WARN_COMMA = YES;
				CLANG_WARN_CONSTANT_CONVERSION = YES;
				CLANG_WARN_DIRECT_OBJC_ISA_USAGE = YES_ERROR;
				CLANG_WARN_DOCUMENTATION_COMMENTS = YES;
				CLANG_WARN_EMPTY_BODY = YES;
				CLANG_WARN_ENUM_CONVERSION = YES;
				CLANG_WARN_INFINITE_RECURSION = YES;
				CLANG_WARN_INT_CONVERSION = YES;
				CLANG_WARN_NON_LITERAL_NULL_CONVERSION = YES;
				CLANG_WARN_OBJC_LITERAL_CONVERSION = YES;
				CLANG_WARN_OBJC_ROOT_CLASS = YES_ERROR;
				CLANG_WARN_RANGE_LOOP_ANALYSIS = YES;
				CLANG_WARN_STRICT_PROTOTYPES = YES;
				CLANG_WARN_SUSPICIOUS_MOVE = YES;
				CLANG_WARN_UNGUARDED_AVAILABILITY = YES_AGGRESSIVE;
				CLANG_WARN_UNREACHABLE_CODE = YES;
				CLANG_WARN__DUPLICATE_METHOD_MATCH = YES;
				CODE_SIGN_IDENTITY = "Mac Developer";
				COPY_PHASE_STRIP = NO;
				DEBUG_INFORMATION_FORMAT = "dwarf-with-dsym";
				ENABLE_NS_ASSERTIONS = NO;
				ENABLE_STRICT_OBJC_MSGSEND = YES;
				GCC_C_LANGUAGE_STANDARD = gnu11;
				GCC_NO_COMMON_BLOCKS = YES;
				GCC_WARN_64_TO_32_BIT_CONVERSION = YES;
				GCC_WARN_ABOUT_RETURN_TYPE = YES_ERROR;
				GCC_WARN_UNDECLARED_SELECTOR = YES;
				GCC_WARN_UNINITIALIZED_AUTOS = YES_AGGRESSIVE;
				GCC_WARN_UNUSED_FUNCTION = YES;
				GCC_WARN_UNUSED_VARIABLE = YES;
				MACOSX_DEPLOYMENT_TARGET = 10.13;
				MTL_ENABLE_DEBUG_INFO = NO;
				SDKROOT = macosx;
				SWIFT_OPTIMIZATION_LEVEL = "-Owholemodule";
			};
			name = Release;
		};
		DFD213AF1FA7AD8500FF30CB /* Debug */ = {
			isa = XCBuildConfiguration;
			buildSettings = {
				ASSETCATALOG_COMPILER_APPICON_NAME = AppIcon;
				CLANG_ENABLE_MODULES = YES;
				CODE_SIGN_STYLE = Automatic;
				COMBINE_HIDPI_IMAGES = YES;
				DEVELOPMENT_TEAM = CLALR9F4Q5;
				INFOPLIST_FILE = "LFSR-Cryptosystem/Info.plist";
				LD_RUNPATH_SEARCH_PATHS = "$(inherited) @executable_path/../Frameworks";
				PRODUCT_BUNDLE_IDENTIFIER = "by.azarov.LFSR-Cryptosystem";
				PRODUCT_NAME = "$(TARGET_NAME)";
				SWIFT_OBJC_BRIDGING_HEADER = "LFSR-Cryptosystem/LFSR-Cryptosystem-Bridging-Header.h";
				SWIFT_OPTIMIZATION_LEVEL = "-Onone";
				SWIFT_VERSION = 4.0;
			};
			name = Debug;
		};
		DFD213B01FA7AD8500FF30CB /* Release */ = {
			isa = XCBuildConfiguration;
			buildSettings = {
				ASSETCATALOG_COMPILER_APPICON_NAME = AppIcon;
				CLANG_ENABLE_MODULES = YES;
				CODE_SIGN_STYLE = Automatic;
				COMBINE_HIDPI_IMAGES = YES;
				DEVELOPMENT_TEAM = CLALR9F4Q5;
				INFOPLIST_FILE = "LFSR-Cryptosystem/Info.plist";
				LD_RUNPATH_SEARCH_PATHS = "$(inherited) @executable_path/../Frameworks";
				PRODUCT_BUNDLE_IDENTIFIER = "by.azarov.LFSR-Cryptosystem";
				PRODUCT_NAME = "$(TARGET_NAME)";
				SWIFT_OBJC_BRIDGING_HEADER = "LFSR-Cryptosystem/LFSR-Cryptosystem-Bridging-Header.h";
				SWIFT_VERSION = 4.0;
			};
			name = Release;
		};
/* End XCBuildConfiguration section */

/* Begin XCConfigurationList section */
		DFD213991FA7AD8500FF30CB /* Build configuration list for PBXProject "LFSR-Cryptosystem" */ = {
			isa = XCConfigurationList;
			buildConfigurations = (
				DFD213AC1FA7AD8500FF30CB /* Debug */,
				DFD213AD1FA7AD8500FF30CB /* Release */,
			);
			defaultConfigurationIsVisible = 0;
			defaultConfigurationName = Release;
		};
		DFD213AE1FA7AD8500FF30CB /* Build configuration list for PBXNativeTarget "LFSR-Cryptosystem" */ = {
			isa = XCConfigurationList;
			buildConfigurations = (
				DFD213AF1FA7AD8500FF30CB /* Debug */,
				DFD213B01FA7AD8500FF30CB /* Release */,
			);
			defaultConfigurationIsVisible = 0;
			defaultConfigurationName = Release;
		};
/* End XCConfigurationList section */
	};
	rootObject = DFD213961FA7AD8500FF30CB /* Project object */;
}
